
Microsoft Visual Studio Solution File, Format Version 12.00
# Visual Studio Version 16
VisualStudioVersion = 25.0.1703.8
MinimumVisualStudioVersion = 10.0.40219.1
Project("{FAE04EC0-301F-11D3-BF4B-00C04F79EFBC}") = "c_sharp", "c_sharp.csproj", "{2CF91DA6-5B34-43C0-AB7E-F048BF4DA2F4}"
EndProject
Global
	GlobalSection(SolutionConfigurationPlatforms) = preSolution
		Debug|Any CPU = Debug|Any CPU
		Release|Any CPU = Release|Any CPU
	EndGlobalSection
	GlobalSection(ProjectConfigurationPlatforms) = postSolution
		{2CF91DA6-5B34-43C0-AB7E-F048BF4DA2F4}.Debug|Any CPU.ActiveCfg = Debug|Any CPU
		{2CF91DA6-5B34-43C0-AB7E-F048BF4DA2F4}.Debug|Any CPU.Build.0 = Debug|Any CPU
		{2CF91DA6-5B34-43C0-AB7E-F048BF4DA2F4}.Release|Any CPU.ActiveCfg = Release|Any CPU
		{2CF91DA6-5B34-43C0-AB7E-F048BF4DA2F4}.Release|Any CPU.Build.0 = Release|Any CPU
	EndGlobalSection
	GlobalSection(SolutionProperties) = preSolution
		HideSolutionNode = FALSE
	EndGlobalSection
	GlobalSection(ExtensibilityGlobals) = postSolution
		SolutionGuid = {282A64CE-0A32-413B-99CF-7AFA8F586328}
	EndGlobalSection
EndGlobal
